
Microsoft Visual Studio Solution File, Format Version 12.00
# Visual Studio 15
VisualStudioVersion = 15.0.27703.2026
MinimumVisualStudioVersion = 10.0.40219.1
Project("{FAE04EC0-301F-11D3-BF4B-00C04F79EFBC}") = "WebApp", "WebApp\WebApp.csproj", "{F103F9EC-E1F5-4A0B-A980-CB906958889D}"
EndProject
Global
	GlobalSection(SolutionConfigurationPlatforms) = preSolution
		Debug|Any CPU = Debug|Any CPU
		Release|Any CPU = Release|Any CPU
	EndGlobalSection
	GlobalSection(ProjectConfigurationPlatforms) = postSolution
		{F103F9EC-E1F5-4A0B-A980-CB906958889D}.Debug|Any CPU.ActiveCfg = Debug|Any CPU
		{F103F9EC-E1F5-4A0B-A980-CB906958889D}.Debug|Any CPU.Build.0 = Debug|Any CPU
		{F103F9EC-E1F5-4A0B-A980-CB906958889D}.Release|Any CPU.ActiveCfg = Release|Any CPU
		{F103F9EC-E1F5-4A0B-A980-CB906958889D}.Release|Any CPU.Build.0 = Release|Any CPU
	EndGlobalSection
	GlobalSection(SolutionProperties) = preSolution
		HideSolutionNode = FALSE
	EndGlobalSection
	GlobalSection(ExtensibilityGlobals) = postSolution
		SolutionGuid = {4F233648-DC7B-44C8-AA6E-CFBA187E6E96}
	EndGlobalSection
EndGlobal
